// !$*UTF8*$!
{
	archiveVersion = 1;
	classes = {
	};
	objectVersion = 55;
	objects = {

/* Begin PBXBuildFile section */
		22951A752855B4C400F3D5D2 /* AppDelegate.swift in Sources */ = {isa = PBXBuildFile; fileRef = 22951A742855B4C400F3D5D2 /* AppDelegate.swift */; };
		22951A772855B4C400F3D5D2 /* SceneDelegate.swift in Sources */ = {isa = PBXBuildFile; fileRef = 22951A762855B4C400F3D5D2 /* SceneDelegate.swift */; };
		22951A792855B4C400F3D5D2 /* ViewController.swift in Sources */ = {isa = PBXBuildFile; fileRef = 22951A782855B4C400F3D5D2 /* ViewController.swift */; };
		22951A7C2855B4C400F3D5D2 /* Main.storyboard in Resources */ = {isa = PBXBuildFile; fileRef = 22951A7A2855B4C400F3D5D2 /* Main.storyboard */; };
		22951A7E2855B4CA00F3D5D2 /* Assets.xcassets in Resources */ = {isa = PBXBuildFile; fileRef = 22951A7D2855B4CA00F3D5D2 /* Assets.xcassets */; };
		22951A812855B4CA00F3D5D2 /* LaunchScreen.storyboard in Resources */ = {isa = PBXBuildFile; fileRef = 22951A7F2855B4CA00F3D5D2 /* LaunchScreen.storyboard */; };
		22951A8C2855B4CB00F3D5D2 /* NativeMobileAppTests.swift in Sources */ = {isa = PBXBuildFile; fileRef = 22951A8B2855B4CB00F3D5D2 /* NativeMobileAppTests.swift */; };
		22951A962855B4CB00F3D5D2 /* NativeMobileAppUITests.swift in Sources */ = {isa = PBXBuildFile; fileRef = 22951A952855B4CB00F3D5D2 /* NativeMobileAppUITests.swift */; };
		22951A982855B4CB00F3D5D2 /* NativeMobileAppUITestsLaunchTests.swift in Sources */ = {isa = PBXBuildFile; fileRef = 22951A972855B4CB00F3D5D2 /* NativeMobileAppUITestsLaunchTests.swift */; };
		848EB9A930AE21AE68DD172E /* Pods_NativeMobileApp_NativeMobileAppUITests.framework in Frameworks */ = {isa = PBXBuildFile; fileRef = 2EB19541652B15F4E3605CC1 /* Pods_NativeMobileApp_NativeMobileAppUITests.framework */; };
		88AA53F7945E957EC1AB896F /* Pods_NativeMobileAppTests.framework in Frameworks */ = {isa = PBXBuildFile; fileRef = BB76DF82F429FA3402B6FF2B /* Pods_NativeMobileAppTests.framework */; };
		F2B2B2F161E95E57F7156646 /* Pods_NativeMobileApp.framework in Frameworks */ = {isa = PBXBuildFile; fileRef = F39D86CA58C8D99AF2C2619E /* Pods_NativeMobileApp.framework */; };
/* End PBXBuildFile section */

/* Begin PBXContainerItemProxy section */
		22951A882855B4CB00F3D5D2 /* PBXContainerItemProxy */ = {
			isa = PBXContainerItemProxy;
			containerPortal = 22951A692855B4C400F3D5D2 /* Project object */;
			proxyType = 1;
			remoteGlobalIDString = 22951A702855B4C400F3D5D2;
			remoteInfo = NativeMobileApp;
		};
		22951A922855B4CB00F3D5D2 /* PBXContainerItemProxy */ = {
			isa = PBXContainerItemProxy;
			containerPortal = 22951A692855B4C400F3D5D2 /* Project object */;
			proxyType = 1;
			remoteGlobalIDString = 22951A702855B4C400F3D5D2;
			remoteInfo = NativeMobileApp;
		};
/* End PBXContainerItemProxy section */

/* Begin PBXFileReference section */
		02CC4C9BA0A775DDE64DFAE2 /* Pods-NativeMobileApp.release.xcconfig */ = {isa = PBXFileReference; includeInIndex = 1; lastKnownFileType = text.xcconfig; name = "Pods-NativeMobileApp.release.xcconfig"; path = "Target Support Files/Pods-NativeMobileApp/Pods-NativeMobileApp.release.xcconfig"; sourceTree = "<group>"; };
		22951A712855B4C400F3D5D2 /* NativeMobileApp.app */ = {isa = PBXFileReference; explicitFileType = wrapper.application; includeInIndex = 0; path = NativeMobileApp.app; sourceTree = BUILT_PRODUCTS_DIR; };
		22951A742855B4C400F3D5D2 /* AppDelegate.swift */ = {isa = PBXFileReference; lastKnownFileType = sourcecode.swift; path = AppDelegate.swift; sourceTree = "<group>"; };
		22951A762855B4C400F3D5D2 /* SceneDelegate.swift */ = {isa = PBXFileReference; lastKnownFileType = sourcecode.swift; path = SceneDelegate.swift; sourceTree = "<group>"; };
		22951A782855B4C400F3D5D2 /* ViewController.swift */ = {isa = PBXFileReference; lastKnownFileType = sourcecode.swift; path = ViewController.swift; sourceTree = "<group>"; };
		22951A7B2855B4C400F3D5D2 /* Base */ = {isa = PBXFileReference; lastKnownFileType = file.storyboard; name = Base; path = Base.lproj/Main.storyboard; sourceTree = "<group>"; };
		22951A7D2855B4CA00F3D5D2 /* Assets.xcassets */ = {isa = PBXFileReference; lastKnownFileType = folder.assetcatalog; path = Assets.xcassets; sourceTree = "<group>"; };
		22951A802855B4CA00F3D5D2 /* Base */ = {isa = PBXFileReference; lastKnownFileType = file.storyboard; name = Base; path = Base.lproj/LaunchScreen.storyboard; sourceTree = "<group>"; };
		22951A822855B4CA00F3D5D2 /* Info.plist */ = {isa = PBXFileReference; lastKnownFileType = text.plist.xml; path = Info.plist; sourceTree = "<group>"; };
		22951A872855B4CB00F3D5D2 /* NativeMobileAppTests.xctest */ = {isa = PBXFileReference; explicitFileType = wrapper.cfbundle; includeInIndex = 0; path = NativeMobileAppTests.xctest; sourceTree = BUILT_PRODUCTS_DIR; };
		22951A8B2855B4CB00F3D5D2 /* NativeMobileAppTests.swift */ = {isa = PBXFileReference; lastKnownFileType = sourcecode.swift; path = NativeMobileAppTests.swift; sourceTree = "<group>"; };
		22951A912855B4CB00F3D5D2 /* NativeMobileAppUITests.xctest */ = {isa = PBXFileReference; explicitFileType = wrapper.cfbundle; includeInIndex = 0; path = NativeMobileAppUITests.xctest; sourceTree = BUILT_PRODUCTS_DIR; };
		22951A952855B4CB00F3D5D2 /* NativeMobileAppUITests.swift */ = {isa = PBXFileReference; lastKnownFileType = sourcecode.swift; path = NativeMobileAppUITests.swift; sourceTree = "<group>"; };
		22951A972855B4CB00F3D5D2 /* NativeMobileAppUITestsLaunchTests.swift */ = {isa = PBXFileReference; lastKnownFileType = sourcecode.swift; path = NativeMobileAppUITestsLaunchTests.swift; sourceTree = "<group>"; };
		2EB19541652B15F4E3605CC1 /* Pods_NativeMobileApp_NativeMobileAppUITests.framework */ = {isa = PBXFileReference; explicitFileType = wrapper.framework; includeInIndex = 0; path = Pods_NativeMobileApp_NativeMobileAppUITests.framework; sourceTree = BUILT_PRODUCTS_DIR; };
		31BDF38FB50BFE8F8C836FBF /* Pods-NativeMobileApp-NativeMobileAppUITests.debug.xcconfig */ = {isa = PBXFileReference; includeInIndex = 1; lastKnownFileType = text.xcconfig; name = "Pods-NativeMobileApp-NativeMobileAppUITests.debug.xcconfig"; path = "Target Support Files/Pods-NativeMobileApp-NativeMobileAppUITests/Pods-NativeMobileApp-NativeMobileAppUITests.debug.xcconfig"; sourceTree = "<group>"; };
		59427B78B76C328617B4AA88 /* Pods-NativeMobileAppTests.release.xcconfig */ = {isa = PBXFileReference; includeInIndex = 1; lastKnownFileType = text.xcconfig; name = "Pods-NativeMobileAppTests.release.xcconfig"; path = "Target Support Files/Pods-NativeMobileAppTests/Pods-NativeMobileAppTests.release.xcconfig"; sourceTree = "<group>"; };
		778EB20E0649953E27AAC8AE /* Pods-NativeMobileAppTests.debug.xcconfig */ = {isa = PBXFileReference; includeInIndex = 1; lastKnownFileType = text.xcconfig; name = "Pods-NativeMobileAppTests.debug.xcconfig"; path = "Target Support Files/Pods-NativeMobileAppTests/Pods-NativeMobileAppTests.debug.xcconfig"; sourceTree = "<group>"; };
		AD1C0631617B8F03393B00A2 /* Pods-NativeMobileApp.debug.xcconfig */ = {isa = PBXFileReference; includeInIndex = 1; lastKnownFileType = text.xcconfig; name = "Pods-NativeMobileApp.debug.xcconfig"; path = "Target Support Files/Pods-NativeMobileApp/Pods-NativeMobileApp.debug.xcconfig"; sourceTree = "<group>"; };
		BB76DF82F429FA3402B6FF2B /* Pods_NativeMobileAppTests.framework */ = {isa = PBXFileReference; explicitFileType = wrapper.framework; includeInIndex = 0; path = Pods_NativeMobileAppTests.framework; sourceTree = BUILT_PRODUCTS_DIR; };
		E4921162231DAA1D4F2353F7 /* Pods-NativeMobileApp-NativeMobileAppUITests.release.xcconfig */ = {isa = PBXFileReference; includeInIndex = 1; lastKnownFileType = text.xcconfig; name = "Pods-NativeMobileApp-NativeMobileAppUITests.release.xcconfig"; path = "Target Support Files/Pods-NativeMobileApp-NativeMobileAppUITests/Pods-NativeMobileApp-NativeMobileAppUITests.release.xcconfig"; sourceTree = "<group>"; };
		F39D86CA58C8D99AF2C2619E /* Pods_NativeMobileApp.framework */ = {isa = PBXFileReference; explicitFileType = wrapper.framework; includeInIndex = 0; path = Pods_NativeMobileApp.framework; sourceTree = BUILT_PRODUCTS_DIR; };
/* End PBXFileReference section */

/* Begin PBXFrameworksBuildPhase section */
		22951A6E2855B4C400F3D5D2 /* Frameworks */ = {
			isa = PBXFrameworksBuildPhase;
			buildActionMask = 2147483647;
			files = (
				F2B2B2F161E95E57F7156646 /* Pods_NativeMobileApp.framework in Frameworks */,
			);
			runOnlyForDeploymentPostprocessing = 0;
		};
		22951A842855B4CB00F3D5D2 /* Frameworks */ = {
			isa = PBXFrameworksBuildPhase;
			buildActionMask = 2147483647;
			files = (
				88AA53F7945E957EC1AB896F /* Pods_NativeMobileAppTests.framework in Frameworks */,
			);
			runOnlyForDeploymentPostprocessing = 0;
		};
		22951A8E2855B4CB00F3D5D2 /* Frameworks */ = {
			isa = PBXFrameworksBuildPhase;
			buildActionMask = 2147483647;
			files = (
				848EB9A930AE21AE68DD172E /* Pods_NativeMobileApp_NativeMobileAppUITests.framework in Frameworks */,
			);
			runOnlyForDeploymentPostprocessing = 0;
		};
/* End PBXFrameworksBuildPhase section */

/* Begin PBXGroup section */
		22951A682855B4C400F3D5D2 = {
			isa = PBXGroup;
			children = (
				22951A732855B4C400F3D5D2 /* NativeMobileApp */,
				22951A8A2855B4CB00F3D5D2 /* NativeMobileAppTests */,
				22951A942855B4CB00F3D5D2 /* NativeMobileAppUITests */,
				22951A722855B4C400F3D5D2 /* Products */,
				47345EB8A386BA1795698A94 /* Pods */,
				43B3DCE4402AFE7CE0100E79 /* Frameworks */,
			);
			sourceTree = "<group>";
		};
		22951A722855B4C400F3D5D2 /* Products */ = {
			isa = PBXGroup;
			children = (
				22951A712855B4C400F3D5D2 /* NativeMobileApp.app */,
				22951A872855B4CB00F3D5D2 /* NativeMobileAppTests.xctest */,
				22951A912855B4CB00F3D5D2 /* NativeMobileAppUITests.xctest */,
			);
			name = Products;
			sourceTree = "<group>";
		};
		22951A732855B4C400F3D5D2 /* NativeMobileApp */ = {
			isa = PBXGroup;
			children = (
				22951A742855B4C400F3D5D2 /* AppDelegate.swift */,
				22951A762855B4C400F3D5D2 /* SceneDelegate.swift */,
				22951A782855B4C400F3D5D2 /* ViewController.swift */,
				22951A7A2855B4C400F3D5D2 /* Main.storyboard */,
				22951A7D2855B4CA00F3D5D2 /* Assets.xcassets */,
				22951A7F2855B4CA00F3D5D2 /* LaunchScreen.storyboard */,
				22951A822855B4CA00F3D5D2 /* Info.plist */,
			);
			path = NativeMobileApp;
			sourceTree = "<group>";
		};
		22951A8A2855B4CB00F3D5D2 /* NativeMobileAppTests */ = {
			isa = PBXGroup;
			children = (
				22951A8B2855B4CB00F3D5D2 /* NativeMobileAppTests.swift */,
			);
			path = NativeMobileAppTests;
			sourceTree = "<group>";
		};
		22951A942855B4CB00F3D5D2 /* NativeMobileAppUITests */ = {
			isa = PBXGroup;
			children = (
				22951A952855B4CB00F3D5D2 /* NativeMobileAppUITests.swift */,
				22951A972855B4CB00F3D5D2 /* NativeMobileAppUITestsLaunchTests.swift */,
			);
			path = NativeMobileAppUITests;
			sourceTree = "<group>";
		};
		43B3DCE4402AFE7CE0100E79 /* Frameworks */ = {
			isa = PBXGroup;
			children = (
				F39D86CA58C8D99AF2C2619E /* Pods_NativeMobileApp.framework */,
				2EB19541652B15F4E3605CC1 /* Pods_NativeMobileApp_NativeMobileAppUITests.framework */,
				BB76DF82F429FA3402B6FF2B /* Pods_NativeMobileAppTests.framework */,
			);
			name = Frameworks;
			sourceTree = "<group>";
		};
		47345EB8A386BA1795698A94 /* Pods */ = {
			isa = PBXGroup;
			children = (
				AD1C0631617B8F03393B00A2 /* Pods-NativeMobileApp.debug.xcconfig */,
				02CC4C9BA0A775DDE64DFAE2 /* Pods-NativeMobileApp.release.xcconfig */,
				31BDF38FB50BFE8F8C836FBF /* Pods-NativeMobileApp-NativeMobileAppUITests.debug.xcconfig */,
				E4921162231DAA1D4F2353F7 /* Pods-NativeMobileApp-NativeMobileAppUITests.release.xcconfig */,
				778EB20E0649953E27AAC8AE /* Pods-NativeMobileAppTests.debug.xcconfig */,
				59427B78B76C328617B4AA88 /* Pods-NativeMobileAppTests.release.xcconfig */,
			);
			name = Pods;
			path = Pods;
			sourceTree = "<group>";
		};
/* End PBXGroup section */

/* Begin PBXNativeTarget section */
		22951A702855B4C400F3D5D2 /* NativeMobileApp */ = {
			isa = PBXNativeTarget;
			buildConfigurationList = 22951A9B2855B4CB00F3D5D2 /* Build configuration list for PBXNativeTarget "NativeMobileApp" */;
			buildPhases = (
				4A095DD9D3634228ADE5569C /* [CP] Check Pods Manifest.lock */,
				22951A6D2855B4C400F3D5D2 /* Sources */,
				22951A6E2855B4C400F3D5D2 /* Frameworks */,
				22951A6F2855B4C400F3D5D2 /* Resources */,
			);
			buildRules = (
			);
			dependencies = (
			);
			name = NativeMobileApp;
			productName = NativeMobileApp;
			productReference = 22951A712855B4C400F3D5D2 /* NativeMobileApp.app */;
			productType = "com.apple.product-type.application";
		};
		22951A862855B4CB00F3D5D2 /* NativeMobileAppTests */ = {
			isa = PBXNativeTarget;
			buildConfigurationList = 22951A9E2855B4CB00F3D5D2 /* Build configuration list for PBXNativeTarget "NativeMobileAppTests" */;
			buildPhases = (
				CD26F8C12D00590414213E9B /* [CP] Check Pods Manifest.lock */,
				22951A832855B4CB00F3D5D2 /* Sources */,
				22951A842855B4CB00F3D5D2 /* Frameworks */,
				22951A852855B4CB00F3D5D2 /* Resources */,
			);
			buildRules = (
			);
			dependencies = (
				22951A892855B4CB00F3D5D2 /* PBXTargetDependency */,
			);
			name = NativeMobileAppTests;
			productName = NativeMobileAppTests;
			productReference = 22951A872855B4CB00F3D5D2 /* NativeMobileAppTests.xctest */;
			productType = "com.apple.product-type.bundle.unit-test";
		};
		22951A902855B4CB00F3D5D2 /* NativeMobileAppUITests */ = {
			isa = PBXNativeTarget;
			buildConfigurationList = 22951AA12855B4CB00F3D5D2 /* Build configuration list for PBXNativeTarget "NativeMobileAppUITests" */;
			buildPhases = (
				E9F47168A5A028EE3E8258D8 /* [CP] Check Pods Manifest.lock */,
				22951A8D2855B4CB00F3D5D2 /* Sources */,
				22951A8E2855B4CB00F3D5D2 /* Frameworks */,
				22951A8F2855B4CB00F3D5D2 /* Resources */,
			);
			buildRules = (
			);
			dependencies = (
				22951A932855B4CB00F3D5D2 /* PBXTargetDependency */,
			);
			name = NativeMobileAppUITests;
			productName = NativeMobileAppUITests;
			productReference = 22951A912855B4CB00F3D5D2 /* NativeMobileAppUITests.xctest */;
			productType = "com.apple.product-type.bundle.ui-testing";
		};
/* End PBXNativeTarget section */

/* Begin PBXProject section */
		22951A692855B4C400F3D5D2 /* Project object */ = {
			isa = PBXProject;
			attributes = {
				BuildIndependentTargetsInParallel = 1;
				LastSwiftUpdateCheck = 1330;
				LastUpgradeCheck = 1330;
				TargetAttributes = {
					22951A702855B4C400F3D5D2 = {
						CreatedOnToolsVersion = 13.3.1;
					};
					22951A862855B4CB00F3D5D2 = {
						CreatedOnToolsVersion = 13.3.1;
						TestTargetID = 22951A702855B4C400F3D5D2;
					};
					22951A902855B4CB00F3D5D2 = {
						CreatedOnToolsVersion = 13.3.1;
						TestTargetID = 22951A702855B4C400F3D5D2;
					};
				};
			};
			buildConfigurationList = 22951A6C2855B4C400F3D5D2 /* Build configuration list for PBXProject "NativeMobileApp" */;
			compatibilityVersion = "Xcode 13.0";
			developmentRegion = en;
			hasScannedForEncodings = 0;
			knownRegions = (
				en,
				Base,
			);
			mainGroup = 22951A682855B4C400F3D5D2;
			productRefGroup = 22951A722855B4C400F3D5D2 /* Products */;
			projectDirPath = "";
			projectRoot = "";
			targets = (
				22951A702855B4C400F3D5D2 /* NativeMobileApp */,
				22951A862855B4CB00F3D5D2 /* NativeMobileAppTests */,
				22951A902855B4CB00F3D5D2 /* NativeMobileAppUITests */,
			);
		};
/* End PBXProject section */

/* Begin PBXResourcesBuildPhase section */
		22951A6F2855B4C400F3D5D2 /* Resources */ = {
			isa = PBXResourcesBuildPhase;
			buildActionMask = 2147483647;
			files = (
				22951A812855B4CA00F3D5D2 /* LaunchScreen.storyboard in Resources */,
				22951A7E2855B4CA00F3D5D2 /* Assets.xcassets in Resources */,
				22951A7C2855B4C400F3D5D2 /* Main.storyboard in Resources */,
			);
			runOnlyForDeploymentPostprocessing = 0;
		};
		22951A852855B4CB00F3D5D2 /* Resources */ = {
			isa = PBXResourcesBuildPhase;
			buildActionMask = 2147483647;
			files = (
			);
			runOnlyForDeploymentPostprocessing = 0;
		};
		22951A8F2855B4CB00F3D5D2 /* Resources */ = {
			isa = PBXResourcesBuildPhase;
			buildActionMask = 2147483647;
			files = (
			);
			runOnlyForDeploymentPostprocessing = 0;
		};
/* End PBXResourcesBuildPhase section */

/* Begin PBXShellScriptBuildPhase section */
		4A095DD9D3634228ADE5569C /* [CP] Check Pods Manifest.lock */ = {
			isa = PBXShellScriptBuildPhase;
			buildActionMask = 2147483647;
			files = (
			);
			inputFileListPaths = (
			);
			inputPaths = (
				"${PODS_PODFILE_DIR_PATH}/Podfile.lock",
				"${PODS_ROOT}/Manifest.lock",
			);
			name = "[CP] Check Pods Manifest.lock";
			outputFileListPaths = (
			);
			outputPaths = (
				"$(DERIVED_FILE_DIR)/Pods-NativeMobileApp-checkManifestLockResult.txt",
			);
			runOnlyForDeploymentPostprocessing = 0;
			shellPath = /bin/sh;
			shellScript = "diff \"${PODS_PODFILE_DIR_PATH}/Podfile.lock\" \"${PODS_ROOT}/Manifest.lock\" > /dev/null\nif [ $? != 0 ] ; then\n    # print error to STDERR\n    echo \"error: The sandbox is not in sync with the Podfile.lock. Run 'pod install' or update your CocoaPods installation.\" >&2\n    exit 1\nfi\n# This output is used by Xcode 'outputs' to avoid re-running this script phase.\necho \"SUCCESS\" > \"${SCRIPT_OUTPUT_FILE_0}\"\n";
			showEnvVarsInLog = 0;
		};
		CD26F8C12D00590414213E9B /* [CP] Check Pods Manifest.lock */ = {
			isa = PBXShellScriptBuildPhase;
			buildActionMask = 2147483647;
			files = (
			);
			inputFileListPaths = (
			);
			inputPaths = (
				"${PODS_PODFILE_DIR_PATH}/Podfile.lock",
				"${PODS_ROOT}/Manifest.lock",
			);
			name = "[CP] Check Pods Manifest.lock";
			outputFileListPaths = (
			);
			outputPaths = (
				"$(DERIVED_FILE_DIR)/Pods-NativeMobileAppTests-checkManifestLockResult.txt",
			);
			runOnlyForDeploymentPostprocessing = 0;
			shellPath = /bin/sh;
			shellScript = "diff \"${PODS_PODFILE_DIR_PATH}/Podfile.lock\" \"${PODS_ROOT}/Manifest.lock\" > /dev/null\nif [ $? != 0 ] ; then\n    # print error to STDERR\n    echo \"error: The sandbox is not in sync with the Podfile.lock. Run 'pod install' or update your CocoaPods installation.\" >&2\n    exit 1\nfi\n# This output is used by Xcode 'outputs' to avoid re-running this script phase.\necho \"SUCCESS\" > \"${SCRIPT_OUTPUT_FILE_0}\"\n";
			showEnvVarsInLog = 0;
		};
		E9F47168A5A028EE3E8258D8 /* [CP] Check Pods Manifest.lock */ = {
			isa = PBXShellScriptBuildPhase;
			buildActionMask = 2147483647;
			files = (
			);
			inputFileListPaths = (
			);
			inputPaths = (
				"${PODS_PODFILE_DIR_PATH}/Podfile.lock",
				"${PODS_ROOT}/Manifest.lock",
			);
			name = "[CP] Check Pods Manifest.lock";
			outputFileListPaths = (
			);
			outputPaths = (
				"$(DERIVED_FILE_DIR)/Pods-NativeMobileApp-NativeMobileAppUITests-checkManifestLockResult.txt",
			);
			runOnlyForDeploymentPostprocessing = 0;
			shellPath = /bin/sh;
			shellScript = "diff \"${PODS_PODFILE_DIR_PATH}/Podfile.lock\" \"${PODS_ROOT}/Manifest.lock\" > /dev/null\nif [ $? != 0 ] ; then\n    # print error to STDERR\n    echo \"error: The sandbox is not in sync with the Podfile.lock. Run 'pod install' or update your CocoaPods installation.\" >&2\n    exit 1\nfi\n# This output is used by Xcode 'outputs' to avoid re-running this script phase.\necho \"SUCCESS\" > \"${SCRIPT_OUTPUT_FILE_0}\"\n";
			showEnvVarsInLog = 0;
		};
/* End PBXShellScriptBuildPhase section */

/* Begin PBXSourcesBuildPhase section */
		22951A6D2855B4C400F3D5D2 /* Sources */ = {
			isa = PBXSourcesBuildPhase;
			buildActionMask = 2147483647;
			files = (
				22951A792855B4C400F3D5D2 /* ViewController.swift in Sources */,
				22951A752855B4C400F3D5D2 /* AppDelegate.swift in Sources */,
				22951A772855B4C400F3D5D2 /* SceneDelegate.swift in Sources */,
			);
			runOnlyForDeploymentPostprocessing = 0;
		};
		22951A832855B4CB00F3D5D2 /* Sources */ = {
			isa = PBXSourcesBuildPhase;
			buildActionMask = 2147483647;
			files = (
				22951A8C2855B4CB00F3D5D2 /* NativeMobileAppTests.swift in Sources */,
			);
			runOnlyForDeploymentPostprocessing = 0;
		};
		22951A8D2855B4CB00F3D5D2 /* Sources */ = {
			isa = PBXSourcesBuildPhase;
			buildActionMask = 2147483647;
			files = (
				22951A962855B4CB00F3D5D2 /* NativeMobileAppUITests.swift in Sources */,
				22951A982855B4CB00F3D5D2 /* NativeMobileAppUITestsLaunchTests.swift in Sources */,
			);
			runOnlyForDeploymentPostprocessing = 0;
		};
/* End PBXSourcesBuildPhase section */

/* Begin PBXTargetDependency section */
		22951A892855B4CB00F3D5D2 /* PBXTargetDependency */ = {
			isa = PBXTargetDependency;
			target = 22951A702855B4C400F3D5D2 /* NativeMobileApp */;
			targetProxy = 22951A882855B4CB00F3D5D2 /* PBXContainerItemProxy */;
		};
		22951A932855B4CB00F3D5D2 /* PBXTargetDependency */ = {
			isa = PBXTargetDependency;
			target = 22951A702855B4C400F3D5D2 /* NativeMobileApp */;
			targetProxy = 22951A922855B4CB00F3D5D2 /* PBXContainerItemProxy */;
		};
/* End PBXTargetDependency section */

/* Begin PBXVariantGroup section */
		22951A7A2855B4C400F3D5D2 /* Main.storyboard */ = {
			isa = PBXVariantGroup;
			children = (
				22951A7B2855B4C400F3D5D2 /* Base */,
			);
			name = Main.storyboard;
			sourceTree = "<group>";
		};
		22951A7F2855B4CA00F3D5D2 /* LaunchScreen.storyboard */ = {
			isa = PBXVariantGroup;
			children = (
				22951A802855B4CA00F3D5D2 /* Base */,
			);
			name = LaunchScreen.storyboard;
			sourceTree = "<group>";
		};
/* End PBXVariantGroup section */

/* Begin XCBuildConfiguration section */
		22951A992855B4CB00F3D5D2 /* Debug */ = {
			isa = XCBuildConfiguration;
			buildSettings = {
				ALWAYS_SEARCH_USER_PATHS = NO;
				CLANG_ANALYZER_NONNULL = YES;
				CLANG_ANALYZER_NUMBER_OBJECT_CONVERSION = YES_AGGRESSIVE;
				CLANG_CXX_LANGUAGE_STANDARD = "gnu++17";
				CLANG_ENABLE_MODULES = YES;
				CLANG_ENABLE_OBJC_ARC = YES;
				CLANG_ENABLE_OBJC_WEAK = YES;
				CLANG_WARN_BLOCK_CAPTURE_AUTORELEASING = YES;
				CLANG_WARN_BOOL_CONVERSION = YES;
				CLANG_WARN_COMMA = YES;
				CLANG_WARN_CONSTANT_CONVERSION = YES;
				CLANG_WARN_DEPRECATED_OBJC_IMPLEMENTATIONS = YES;
				CLANG_WARN_DIRECT_OBJC_ISA_USAGE = YES_ERROR;
				CLANG_WARN_DOCUMENTATION_COMMENTS = YES;
				CLANG_WARN_EMPTY_BODY = YES;
				CLANG_WARN_ENUM_CONVERSION = YES;
				CLANG_WARN_INFINITE_RECURSION = YES;
				CLANG_WARN_INT_CONVERSION = YES;
				CLANG_WARN_NON_LITERAL_NULL_CONVERSION = YES;
				CLANG_WARN_OBJC_IMPLICIT_RETAIN_SELF = YES;
				CLANG_WARN_OBJC_LITERAL_CONVERSION = YES;
				CLANG_WARN_OBJC_ROOT_CLASS = YES_ERROR;
				CLANG_WARN_QUOTED_INCLUDE_IN_FRAMEWORK_HEADER = YES;
				CLANG_WARN_RANGE_LOOP_ANALYSIS = YES;
				CLANG_WARN_STRICT_PROTOTYPES = YES;
				CLANG_WARN_SUSPICIOUS_MOVE = YES;
				CLANG_WARN_UNGUARDED_AVAILABILITY = YES_AGGRESSIVE;
				CLANG_WARN_UNREACHABLE_CODE = YES;
				CLANG_WARN__DUPLICATE_METHOD_MATCH = YES;
				COPY_PHASE_STRIP = NO;
				DEBUG_INFORMATION_FORMAT = dwarf;
				ENABLE_STRICT_OBJC_MSGSEND = YES;
				ENABLE_TESTABILITY = YES;
				GCC_C_LANGUAGE_STANDARD = gnu11;
				GCC_DYNAMIC_NO_PIC = NO;
				GCC_NO_COMMON_BLOCKS = YES;
				GCC_OPTIMIZATION_LEVEL = 0;
				GCC_PREPROCESSOR_DEFINITIONS = (
					"DEBUG=1",
					"$(inherited)",
				);
				GCC_WARN_64_TO_32_BIT_CONVERSION = YES;
				GCC_WARN_ABOUT_RETURN_TYPE = YES_ERROR;
				GCC_WARN_UNDECLARED_SELECTOR = YES;
				GCC_WARN_UNINITIALIZED_AUTOS = YES_AGGRESSIVE;
				GCC_WARN_UNUSED_FUNCTION = YES;
				GCC_WARN_UNUSED_VARIABLE = YES;
				IPHONEOS_DEPLOYMENT_TARGET = 15.4;
				MTL_ENABLE_DEBUG_INFO = INCLUDE_SOURCE;
				MTL_FAST_MATH = YES;
				ONLY_ACTIVE_ARCH = YES;
				SDKROOT = iphoneos;
				SWIFT_ACTIVE_COMPILATION_CONDITIONS = DEBUG;
				SWIFT_OPTIMIZATION_LEVEL = "-Onone";
			};
			name = Debug;
		};
		22951A9A2855B4CB00F3D5D2 /* Release */ = {
			isa = XCBuildConfiguration;
			buildSettings = {
				ALWAYS_SEARCH_USER_PATHS = NO;
				CLANG_ANALYZER_NONNULL = YES;
				CLANG_ANALYZER_NUMBER_OBJECT_CONVERSION = YES_AGGRESSIVE;
				CLANG_CXX_LANGUAGE_STANDARD = "gnu++17";
				CLANG_ENABLE_MODULES = YES;
				CLANG_ENABLE_OBJC_ARC = YES;
				CLANG_ENABLE_OBJC_WEAK = YES;
				CLANG_WARN_BLOCK_CAPTURE_AUTORELEASING = YES;
				CLANG_WARN_BOOL_CONVERSION = YES;
				CLANG_WARN_COMMA = YES;
				CLANG_WARN_CONSTANT_CONVERSION = YES;
				CLANG_WARN_DEPRECATED_OBJC_IMPLEMENTATIONS = YES;
				CLANG_WARN_DIRECT_OBJC_ISA_USAGE = YES_ERROR;
				CLANG_WARN_DOCUMENTATION_COMMENTS = YES;
				CLANG_WARN_EMPTY_BODY = YES;
				CLANG_WARN_ENUM_CONVERSION = YES;
				CLANG_WARN_INFINITE_RECURSION = YES;
				CLANG_WARN_INT_CONVERSION = YES;
				CLANG_WARN_NON_LITERAL_NULL_CONVERSION = YES;
				CLANG_WARN_OBJC_IMPLICIT_RETAIN_SELF = YES;
				CLANG_WARN_OBJC_LITERAL_CONVERSION = YES;
				CLANG_WARN_OBJC_ROOT_CLASS = YES_ERROR;
				CLANG_WARN_QUOTED_INCLUDE_IN_FRAMEWORK_HEADER = YES;
				CLANG_WARN_RANGE_LOOP_ANALYSIS = YES;
				CLANG_WARN_STRICT_PROTOTYPES = YES;
				CLANG_WARN_SUSPICIOUS_MOVE = YES;
				CLANG_WARN_UNGUARDED_AVAILABILITY = YES_AGGRESSIVE;
				CLANG_WARN_UNREACHABLE_CODE = YES;
				CLANG_WARN__DUPLICATE_METHOD_MATCH = YES;
				COPY_PHASE_STRIP = NO;
				DEBUG_INFORMATION_FORMAT = "dwarf-with-dsym";
				ENABLE_NS_ASSERTIONS = NO;
				ENABLE_STRICT_OBJC_MSGSEND = YES;
				GCC_C_LANGUAGE_STANDARD = gnu11;
				GCC_NO_COMMON_BLOCKS = YES;
				GCC_WARN_64_TO_32_BIT_CONVERSION = YES;
				GCC_WARN_ABOUT_RETURN_TYPE = YES_ERROR;
				GCC_WARN_UNDECLARED_SELECTOR = YES;
				GCC_WARN_UNINITIALIZED_AUTOS = YES_AGGRESSIVE;
				GCC_WARN_UNUSED_FUNCTION = YES;
				GCC_WARN_UNUSED_VARIABLE = YES;
				IPHONEOS_DEPLOYMENT_TARGET = 15.4;
				MTL_ENABLE_DEBUG_INFO = NO;
				MTL_FAST_MATH = YES;
				SDKROOT = iphoneos;
				SWIFT_COMPILATION_MODE = wholemodule;
				SWIFT_OPTIMIZATION_LEVEL = "-O";
				VALIDATE_PRODUCT = YES;
			};
			name = Release;
		};
		22951A9C2855B4CB00F3D5D2 /* Debug */ = {
			isa = XCBuildConfiguration;
			baseConfigurationReference = AD1C0631617B8F03393B00A2 /* Pods-NativeMobileApp.debug.xcconfig */;
			buildSettings = {
				ASSETCATALOG_COMPILER_APPICON_NAME = AppIcon;
				ASSETCATALOG_COMPILER_GLOBAL_ACCENT_COLOR_NAME = AccentColor;
				CODE_SIGN_STYLE = Automatic;
				CURRENT_PROJECT_VERSION = 1;
				GENERATE_INFOPLIST_FILE = YES;
				INFOPLIST_FILE = NativeMobileApp/Info.plist;
				INFOPLIST_KEY_UIApplicationSupportsIndirectInputEvents = YES;
				INFOPLIST_KEY_UILaunchStoryboardName = LaunchScreen;
				INFOPLIST_KEY_UIMainStoryboardFile = Main;
				INFOPLIST_KEY_UISupportedInterfaceOrientations_iPad = "UIInterfaceOrientationPortrait UIInterfaceOrientationPortraitUpsideDown UIInterfaceOrientationLandscapeLeft UIInterfaceOrientationLandscapeRight";
				INFOPLIST_KEY_UISupportedInterfaceOrientations_iPhone = "UIInterfaceOrientationPortrait UIInterfaceOrientationLandscapeLeft UIInterfaceOrientationLandscapeRight";
				LD_RUNPATH_SEARCH_PATHS = (
					"$(inherited)",
					"@executable_path/Frameworks",
				);
				MARKETING_VERSION = 1.0;
				PRODUCT_BUNDLE_IDENTIFIER = com.isaactbn.NativeMobileApp;
				PRODUCT_NAME = "$(TARGET_NAME)";
				SWIFT_EMIT_LOC_STRINGS = YES;
				SWIFT_VERSION = 5.0;
				TARGETED_DEVICE_FAMILY = "1,2";
			};
			name = Debug;
		};
		22951A9D2855B4CB00F3D5D2 /* Release */ = {
			isa = XCBuildConfiguration;
			baseConfigurationReference = 02CC4C9BA0A775DDE64DFAE2 /* Pods-NativeMobileApp.release.xcconfig */;
			buildSettings = {
				ASSETCATALOG_COMPILER_APPICON_NAME = AppIcon;
				ASSETCATALOG_COMPILER_GLOBAL_ACCENT_COLOR_NAME = AccentColor;
				CODE_SIGN_STYLE = Automatic;
				CURRENT_PROJECT_VERSION = 1;
				GENERATE_INFOPLIST_FILE = YES;
				INFOPLIST_FILE = NativeMobileApp/Info.plist;
				INFOPLIST_KEY_UIApplicationSupportsIndirectInputEvents = YES;
				INFOPLIST_KEY_UILaunchStoryboardName = LaunchScreen;
				INFOPLIST_KEY_UIMainStoryboardFile = Main;
				INFOPLIST_KEY_UISupportedInterfaceOrientations_iPad = "UIInterfaceOrientationPortrait UIInterfaceOrientationPortraitUpsideDown UIInterfaceOrientationLandscapeLeft UIInterfaceOrientationLandscapeRight";
				INFOPLIST_KEY_UISupportedInterfaceOrientations_iPhone = "UIInterfaceOrientationPortrait UIInterfaceOrientationLandscapeLeft UIInterfaceOrientationLandscapeRight";
				LD_RUNPATH_SEARCH_PATHS = (
					"$(inherited)",
					"@executable_path/Frameworks",
				);
				MARKETING_VERSION = 1.0;
				PRODUCT_BUNDLE_IDENTIFIER = com.isaactbn.NativeMobileApp;
				PRODUCT_NAME = "$(TARGET_NAME)";
				SWIFT_EMIT_LOC_STRINGS = YES;
				SWIFT_VERSION = 5.0;
				TARGETED_DEVICE_FAMILY = "1,2";
			};
			name = Release;
		};
		22951A9F2855B4CB00F3D5D2 /* Debug */ = {
			isa = XCBuildConfiguration;
			baseConfigurationReference = 778EB20E0649953E27AAC8AE /* Pods-NativeMobileAppTests.debug.xcconfig */;
			buildSettings = {
				ALWAYS_EMBED_SWIFT_STANDARD_LIBRARIES = YES;
				BUNDLE_LOADER = "$(TEST_HOST)";
				CODE_SIGN_STYLE = Automatic;
				CURRENT_PROJECT_VERSION = 1;
				GENERATE_INFOPLIST_FILE = YES;
				IPHONEOS_DEPLOYMENT_TARGET = 15.4;
				MARKETING_VERSION = 1.0;
				PRODUCT_BUNDLE_IDENTIFIER = com.isaactbn.NativeMobileAppTests;
				PRODUCT_NAME = "$(TARGET_NAME)";
				SWIFT_EMIT_LOC_STRINGS = NO;
				SWIFT_VERSION = 5.0;
				TARGETED_DEVICE_FAMILY = "1,2";
				TEST_HOST = "$(BUILT_PRODUCTS_DIR)/NativeMobileApp.app/NativeMobileApp";
			};
			name = Debug;
		};
		22951AA02855B4CB00F3D5D2 /* Release */ = {
			isa = XCBuildConfiguration;
			baseConfigurationReference = 59427B78B76C328617B4AA88 /* Pods-NativeMobileAppTests.release.xcconfig */;
			buildSettings = {
				ALWAYS_EMBED_SWIFT_STANDARD_LIBRARIES = YES;
				BUNDLE_LOADER = "$(TEST_HOST)";
				CODE_SIGN_STYLE = Automatic;
				CURRENT_PROJECT_VERSION = 1;
				GENERATE_INFOPLIST_FILE = YES;
				IPHONEOS_DEPLOYMENT_TARGET = 15.4;
				MARKETING_VERSION = 1.0;
				PRODUCT_BUNDLE_IDENTIFIER = com.isaactbn.NativeMobileAppTests;
				PRODUCT_NAME = "$(TARGET_NAME)";
				SWIFT_EMIT_LOC_STRINGS = NO;
				SWIFT_VERSION = 5.0;
				TARGETED_DEVICE_FAMILY = "1,2";
				TEST_HOST = "$(BUILT_PRODUCTS_DIR)/NativeMobileApp.app/NativeMobileApp";
			};
			name = Release;
		};
		22951AA22855B4CB00F3D5D2 /* Debug */ = {
			isa = XCBuildConfiguration;
			baseConfigurationReference = 31BDF38FB50BFE8F8C836FBF /* Pods-NativeMobileApp-NativeMobileAppUITests.debug.xcconfig */;
			buildSettings = {
				ALWAYS_EMBED_SWIFT_STANDARD_LIBRARIES = YES;
				CODE_SIGN_STYLE = Automatic;
				CURRENT_PROJECT_VERSION = 1;
				GENERATE_INFOPLIST_FILE = YES;
				MARKETING_VERSION = 1.0;
				PRODUCT_BUNDLE_IDENTIFIER = com.isaactbn.NativeMobileAppUITests;
				PRODUCT_NAME = "$(TARGET_NAME)";
				SWIFT_EMIT_LOC_STRINGS = NO;
				SWIFT_VERSION = 5.0;
				TARGETED_DEVICE_FAMILY = "1,2";
				TEST_TARGET_NAME = NativeMobileApp;
			};
			name = Debug;
		};
		22951AA32855B4CB00F3D5D2 /* Release */ = {
			isa = XCBuildConfiguration;
			baseConfigurationReference = E4921162231DAA1D4F2353F7 /* Pods-NativeMobileApp-NativeMobileAppUITests.release.xcconfig */;
			buildSettings = {
				ALWAYS_EMBED_SWIFT_STANDARD_LIBRARIES = YES;
				CODE_SIGN_STYLE = Automatic;
				CURRENT_PROJECT_VERSION = 1;
				GENERATE_INFOPLIST_FILE = YES;
				MARKETING_VERSION = 1.0;
				PRODUCT_BUNDLE_IDENTIFIER = com.isaactbn.NativeMobileAppUITests;
				PRODUCT_NAME = "$(TARGET_NAME)";
				SWIFT_EMIT_LOC_STRINGS = NO;
				SWIFT_VERSION = 5.0;
				TARGETED_DEVICE_FAMILY = "1,2";
				TEST_TARGET_NAME = NativeMobileApp;
			};
			name = Release;
		};
/* End XCBuildConfiguration section */

/* Begin XCConfigurationList section */
		22951A6C2855B4C400F3D5D2 /* Build configuration list for PBXProject "NativeMobileApp" */ = {
			isa = XCConfigurationList;
			buildConfigurations = (
				22951A992855B4CB00F3D5D2 /* Debug */,
				22951A9A2855B4CB00F3D5D2 /* Release */,
			);
			defaultConfigurationIsVisible = 0;
			defaultConfigurationName = Release;
		};
		22951A9B2855B4CB00F3D5D2 /* Build configuration list for PBXNativeTarget "NativeMobileApp" */ = {
			isa = XCConfigurationList;
			buildConfigurations = (
				22951A9C2855B4CB00F3D5D2 /* Debug */,
				22951A9D2855B4CB00F3D5D2 /* Release */,
			);
			defaultConfigurationIsVisible = 0;
			defaultConfigurationName = Release;
		};
		22951A9E2855B4CB00F3D5D2 /* Build configuration list for PBXNativeTarget "NativeMobileAppTests" */ = {
			isa = XCConfigurationList;
			buildConfigurations = (
				22951A9F2855B4CB00F3D5D2 /* Debug */,
				22951AA02855B4CB00F3D5D2 /* Release */,
			);
			defaultConfigurationIsVisible = 0;
			defaultConfigurationName = Release;
		};
		22951AA12855B4CB00F3D5D2 /* Build configuration list for PBXNativeTarget "NativeMobileAppUITests" */ = {
			isa = XCConfigurationList;
			buildConfigurations = (
				22951AA22855B4CB00F3D5D2 /* Debug */,
				22951AA32855B4CB00F3D5D2 /* Release */,
			);
			defaultConfigurationIsVisible = 0;
			defaultConfigurationName = Release;
		};
/* End XCConfigurationList section */
	};
	rootObject = 22951A692855B4C400F3D5D2 /* Project object */;
}
